
Microsoft Visual Studio Solution File, Format Version 12.00
# Visual Studio Version 16
VisualStudioVersion = 16.0.32929.386
MinimumVisualStudioVersion = 10.0.40219.1
Project("{FAE04EC0-301F-11D3-BF4B-00C04F79EFBC}") = "QLTN", "QLTN\QLTN.csproj", "{004C2D5C-11B6-4176-88FE-AA024B00C39F}"
EndProject
Global
	GlobalSection(SolutionConfigurationPlatforms) = preSolution
		Debug|Any CPU = Debug|Any CPU
		Release|Any CPU = Release|Any CPU
	EndGlobalSection
	GlobalSection(ProjectConfigurationPlatforms) = postSolution
		{004C2D5C-11B6-4176-88FE-AA024B00C39F}.Debug|Any CPU.ActiveCfg = Debug|Any CPU
		{004C2D5C-11B6-4176-88FE-AA024B00C39F}.Debug|Any CPU.Build.0 = Debug|Any CPU
		{004C2D5C-11B6-4176-88FE-AA024B00C39F}.Release|Any CPU.ActiveCfg = Release|Any CPU
		{004C2D5C-11B6-4176-88FE-AA024B00C39F}.Release|Any CPU.Build.0 = Release|Any CPU
	EndGlobalSection
	GlobalSection(SolutionProperties) = preSolution
		HideSolutionNode = FALSE
	EndGlobalSection
	GlobalSection(ExtensibilityGlobals) = postSolution
		SolutionGuid = {4B4C55D2-BB72-4BA0-9888-09B4076E422F}
	EndGlobalSection
EndGlobal
